
Microsoft Visual Studio Solution File, Format Version 12.00
# Visual Studio Version 16
VisualStudioVersion = 16.0.31424.327
MinimumVisualStudioVersion = 10.0.40219.1
Project("{FAE04EC0-301F-11D3-BF4B-00C04F79EFBC}") = "Targil_12_TestCase", "Targil_12_TestCase\Targil_12_TestCase.csproj", "{73E38861-84E8-4C9D-91AD-A9C64D1AC568}"
EndProject
Global
	GlobalSection(SolutionConfigurationPlatforms) = preSolution
		Debug|Any CPU = Debug|Any CPU
		Release|Any CPU = Release|Any CPU
	EndGlobalSection
	GlobalSection(ProjectConfigurationPlatforms) = postSolution
		{73E38861-84E8-4C9D-91AD-A9C64D1AC568}.Debug|Any CPU.ActiveCfg = Debug|Any CPU
		{73E38861-84E8-4C9D-91AD-A9C64D1AC568}.Debug|Any CPU.Build.0 = Debug|Any CPU
		{73E38861-84E8-4C9D-91AD-A9C64D1AC568}.Release|Any CPU.ActiveCfg = Release|Any CPU
		{73E38861-84E8-4C9D-91AD-A9C64D1AC568}.Release|Any CPU.Build.0 = Release|Any CPU
	EndGlobalSection
	GlobalSection(SolutionProperties) = preSolution
		HideSolutionNode = FALSE
	EndGlobalSection
	GlobalSection(ExtensibilityGlobals) = postSolution
		SolutionGuid = {3E783EC4-D698-4F6A-99F3-458E490DF03C}
	EndGlobalSection
EndGlobal
